
Microsoft Visual Studio Solution File, Format Version 12.00
# Visual Studio Version 17
VisualStudioVersion = 17.2.32526.322
MinimumVisualStudioVersion = 10.0.40219.1
Project("{18A025F6-2687-45CE-84C8-EBE8C2624C65}") = "fmp-xtc-secretdock-lib-mvcs", "fmp-xtc-secretdock-lib-mvcs\fmp-xtc-secretdock-lib-mvcs.csproj", "{E8062D8E-6EF6-4B3E-A90E-723DFC3E20E2}"
EndProject
Project("{18A025F6-2687-45CE-84C8-EBE8C2624C65}") = "fmp-xtc-secretdock-lib-mvcs_Test", "fmp-xtc-secretdock-lib-mvcs_Test\fmp-xtc-secretdock-lib-mvcs_Test.csproj", "{9CF88945-A62D-4296-8551-FC793DFFDA52}"
EndProject
Project("{18A025F6-2687-45CE-84C8-EBE8C2624C65}") = "fmp-xtc-secretdock-lib-proto", "fmp-xtc-secretdock-lib-proto\fmp-xtc-secretdock-lib-proto.csproj", "{43824733-82BE-4DAF-A3A2-5FABE2D2D5C2}"
EndProject
Project("{18A025F6-2687-45CE-84C8-EBE8C2624C65}") = "fmp-xtc-secretdock-lib-bridge", "fmp-xtc-secretdock-lib-bridge\fmp-xtc-secretdock-lib-bridge.csproj", "{6F9EB8B5-AC0E-4BBF-96F3-270C27EEA2BF}"
EndProject
Project("{18A025F6-2687-45CE-84C8-EBE8C2624C65}") = "fmp-xtc-secretdock-lib-razor", "fmp-xtc-secretdock-lib-razor\fmp-xtc-secretdock-lib-razor.csproj", "{9A71BF40-A0CF-4A8E-A9AE-99903A06A131}"
EndProject
Project("{18A025F6-2687-45CE-84C8-EBE8C2624C65}") = "fmp-xtc-secretdock-service-grpc", "fmp-xtc-secretdock-service-grpc\fmp-xtc-secretdock-service-grpc.csproj", "{3D046856-FBD0-4149-93C4-E67EFF7ABF0F}"
EndProject
Project("{18A025F6-2687-45CE-84C8-EBE8C2624C65}") = "fmp-xtc-secretdock-service-grpc_Test", "fmp-xtc-secretdock-service-grpc_Test\fmp-xtc-secretdock-service-grpc_Test.csproj", "{F67F1855-17DF-4392-9DD7-6206331A8DC5}"
EndProject
Project("{18A025F6-2687-45CE-84C8-EBE8C2624C65}") = "fmp-xtc-secretdock-web-blazor", "fmp-xtc-secretdock-web-blazor\fmp-xtc-secretdock-web-blazor.csproj", "{65BE027E-02F7-4FC4-AA4A-7E4C2BC977F9}"
EndProject
Global
	GlobalSection(SolutionConfigurationPlatforms) = preSolution
		Debug|Any CPU = Debug|Any CPU
		Release|Any CPU = Release|Any CPU
	EndGlobalSection
	GlobalSection(ProjectConfigurationPlatforms) = postSolution
                {E8062D8E-6EF6-4B3E-A90E-723DFC3E20E2}.Debug|Any CPU.ActiveCfg = Debug|Any CPU
		{E8062D8E-6EF6-4B3E-A90E-723DFC3E20E2}.Debug|Any CPU.Build.0 = Debug|Any CPU
		{E8062D8E-6EF6-4B3E-A90E-723DFC3E20E2}.Release|Any CPU.ActiveCfg = Release|Any CPU
		{E8062D8E-6EF6-4B3E-A90E-723DFC3E20E2}.Release|Any CPU.Build.0 = Release|Any CPU
		{9CF88945-A62D-4296-8551-FC793DFFDA52}.Debug|Any CPU.ActiveCfg = Debug|Any CPU
		{9CF88945-A62D-4296-8551-FC793DFFDA52}.Debug|Any CPU.Build.0 = Debug|Any CPU
		{9CF88945-A62D-4296-8551-FC793DFFDA52}.Release|Any CPU.ActiveCfg = Release|Any CPU
		{9CF88945-A62D-4296-8551-FC793DFFDA52}.Release|Any CPU.Build.0 = Release|Any CPU
		{43824733-82BE-4DAF-A3A2-5FABE2D2D5C2}.Debug|Any CPU.ActiveCfg = Debug|Any CPU
		{43824733-82BE-4DAF-A3A2-5FABE2D2D5C2}.Debug|Any CPU.Build.0 = Debug|Any CPU
		{43824733-82BE-4DAF-A3A2-5FABE2D2D5C2}.Release|Any CPU.ActiveCfg = Release|Any CPU
		{43824733-82BE-4DAF-A3A2-5FABE2D2D5C2}.Release|Any CPU.Build.0 = Release|Any CPU
		{3D046856-FBD0-4149-93C4-E67EFF7ABF0F}.Debug|Any CPU.ActiveCfg = Debug|Any CPU
		{3D046856-FBD0-4149-93C4-E67EFF7ABF0F}.Debug|Any CPU.Build.0 = Debug|Any CPU
		{3D046856-FBD0-4149-93C4-E67EFF7ABF0F}.Release|Any CPU.ActiveCfg = Release|Any CPU
		{3D046856-FBD0-4149-93C4-E67EFF7ABF0F}.Release|Any CPU.Build.0 = Release|Any CPU
		{6F9EB8B5-AC0E-4BBF-96F3-270C27EEA2BF}.Debug|Any CPU.ActiveCfg = Debug|Any CPU
		{6F9EB8B5-AC0E-4BBF-96F3-270C27EEA2BF}.Debug|Any CPU.Build.0 = Debug|Any CPU
		{6F9EB8B5-AC0E-4BBF-96F3-270C27EEA2BF}.Release|Any CPU.ActiveCfg = Release|Any CPU
		{6F9EB8B5-AC0E-4BBF-96F3-270C27EEA2BF}.Release|Any CPU.Build.0 = Release|Any CPU
		{65BE027E-02F7-4FC4-AA4A-7E4C2BC977F9}.Debug|Any CPU.ActiveCfg = Debug|Any CPU
		{65BE027E-02F7-4FC4-AA4A-7E4C2BC977F9}.Debug|Any CPU.Build.0 = Debug|Any CPU
		{65BE027E-02F7-4FC4-AA4A-7E4C2BC977F9}.Release|Any CPU.ActiveCfg = Release|Any CPU
		{65BE027E-02F7-4FC4-AA4A-7E4C2BC977F9}.Release|Any CPU.Build.0 = Release|Any CPU
		{9A71BF40-A0CF-4A8E-A9AE-99903A06A131}.Debug|Any CPU.ActiveCfg = Debug|Any CPU
		{9A71BF40-A0CF-4A8E-A9AE-99903A06A131}.Debug|Any CPU.Build.0 = Debug|Any CPU
		{9A71BF40-A0CF-4A8E-A9AE-99903A06A131}.Release|Any CPU.ActiveCfg = Release|Any CPU
		{9A71BF40-A0CF-4A8E-A9AE-99903A06A131}.Release|Any CPU.Build.0 = Release|Any CPU
		{F67F1855-17DF-4392-9DD7-6206331A8DC5}.Debug|Any CPU.ActiveCfg = Debug|Any CPU
		{F67F1855-17DF-4392-9DD7-6206331A8DC5}.Debug|Any CPU.Build.0 = Debug|Any CPU
		{F67F1855-17DF-4392-9DD7-6206331A8DC5}.Release|Any CPU.ActiveCfg = Release|Any CPU
		{F67F1855-17DF-4392-9DD7-6206331A8DC5}.Release|Any CPU.Build.0 = Release|Any CPU
	EndGlobalSection
	GlobalSection(SolutionProperties) = preSolution
		HideSolutionNode = FALSE
	EndGlobalSection
	GlobalSection(ExtensibilityGlobals) = postSolution
		SolutionGuid = {18A025F6-2687-45CE-84C8-EBE8C2624C65}
	EndGlobalSection
EndGlobal
